
Microsoft Visual Studio Solution File, Format Version 12.00
# Visual Studio 14
VisualStudioVersion = 14.0.25420.1
MinimumVisualStudioVersion = 10.0.40219.1
Project("{9092AA53-FB77-4645-B42D-1CCCA6BD08BD}") = "Shipping Solution Canada - Frontend", "Shipping Solution Canada - Frontend.njsproj", "{15C9C504-A5CE-48B9-8510-2EED02E73204}"
EndProject
Global
	GlobalSection(SolutionConfigurationPlatforms) = preSolution
		Debug|Any CPU = Debug|Any CPU
		Release|Any CPU = Release|Any CPU
	EndGlobalSection
	GlobalSection(ProjectConfigurationPlatforms) = postSolution
		{15C9C504-A5CE-48B9-8510-2EED02E73204}.Debug|Any CPU.ActiveCfg = Debug|Any CPU
		{15C9C504-A5CE-48B9-8510-2EED02E73204}.Debug|Any CPU.Build.0 = Debug|Any CPU
		{15C9C504-A5CE-48B9-8510-2EED02E73204}.Release|Any CPU.ActiveCfg = Release|Any CPU
		{15C9C504-A5CE-48B9-8510-2EED02E73204}.Release|Any CPU.Build.0 = Release|Any CPU
	EndGlobalSection
	GlobalSection(SolutionProperties) = preSolution
		HideSolutionNode = FALSE
	EndGlobalSection
EndGlobal
